
Microsoft Visual Studio Solution File, Format Version 12.00
# Visual Studio Version 17
VisualStudioVersion = 17.9.34723.18
MinimumVisualStudioVersion = 10.0.40219.1
Project("{FAE04EC0-301F-11D3-BF4B-00C04F79EFBC}") = "MyFirstConsoleApp", "MyFirstConsoleApp.csproj", "{AAAD5D3A-2815-4874-B6CB-2A9A42F662E4}"
EndProject
Global
	GlobalSection(SolutionConfigurationPlatforms) = preSolution
		Debug|Any CPU = Debug|Any CPU
		Release|Any CPU = Release|Any CPU
	EndGlobalSection
	GlobalSection(ProjectConfigurationPlatforms) = postSolution
		{AAAD5D3A-2815-4874-B6CB-2A9A42F662E4}.Debug|Any CPU.ActiveCfg = Debug|Any CPU
		{AAAD5D3A-2815-4874-B6CB-2A9A42F662E4}.Debug|Any CPU.Build.0 = Debug|Any CPU
		{AAAD5D3A-2815-4874-B6CB-2A9A42F662E4}.Release|Any CPU.ActiveCfg = Release|Any CPU
		{AAAD5D3A-2815-4874-B6CB-2A9A42F662E4}.Release|Any CPU.Build.0 = Release|Any CPU
	EndGlobalSection
	GlobalSection(SolutionProperties) = preSolution
		HideSolutionNode = FALSE
	EndGlobalSection
	GlobalSection(ExtensibilityGlobals) = postSolution
		SolutionGuid = {6E291477-AC45-43AC-BD2C-BC60E81759AD}
	EndGlobalSection
EndGlobal
